
Microsoft Visual Studio Solution File, Format Version 12.00
# Visual Studio Version 17
VisualStudioVersion = 17.7.34003.232
MinimumVisualStudioVersion = 10.0.40219.1
Project("{FAE04EC0-301F-11D3-BF4B-00C04F79EFBC}") = "is_takip_proje", "is_takip_proje\is_takip_proje.csproj", "{CCF16D68-5F5F-4B19-B5AA-9BCD11EC6664}"
EndProject
Global
	GlobalSection(SolutionConfigurationPlatforms) = preSolution
		Debug|Any CPU = Debug|Any CPU
		Release|Any CPU = Release|Any CPU
	EndGlobalSection
	GlobalSection(ProjectConfigurationPlatforms) = postSolution
		{CCF16D68-5F5F-4B19-B5AA-9BCD11EC6664}.Debug|Any CPU.ActiveCfg = Debug|Any CPU
		{CCF16D68-5F5F-4B19-B5AA-9BCD11EC6664}.Debug|Any CPU.Build.0 = Debug|Any CPU
		{CCF16D68-5F5F-4B19-B5AA-9BCD11EC6664}.Release|Any CPU.ActiveCfg = Release|Any CPU
		{CCF16D68-5F5F-4B19-B5AA-9BCD11EC6664}.Release|Any CPU.Build.0 = Release|Any CPU
	EndGlobalSection
	GlobalSection(SolutionProperties) = preSolution
		HideSolutionNode = FALSE
	EndGlobalSection
	GlobalSection(ExtensibilityGlobals) = postSolution
		SolutionGuid = {2EB68AE9-0FAF-4235-B25A-F747E6F03B0F}
	EndGlobalSection
EndGlobal
